
Microsoft Visual Studio Solution File, Format Version 12.00
# Visual Studio Version 17
VisualStudioVersion = 17.3.32819.101
MinimumVisualStudioVersion = 10.0.40219.1
Project("{9A19103F-16F7-4668-BE54-9A1E7A4F7556}") = "xUnitTesting", "xUnitTesting\xUnitTesting.csproj", "{B580C97E-9216-4603-8FF1-927FDFDD12B1}"
EndProject
Project("{FAE04EC0-301F-11D3-BF4B-00C04F79EFBC}") = "DemoLibrary", "DemoLibrary\DemoLibrary.csproj", "{BB9BC18B-4809-4C2F-AE36-63083EF10BF1}"
EndProject
Global
	GlobalSection(SolutionConfigurationPlatforms) = preSolution
		Debug|Any CPU = Debug|Any CPU
		Release|Any CPU = Release|Any CPU
	EndGlobalSection
	GlobalSection(ProjectConfigurationPlatforms) = postSolution
		{B580C97E-9216-4603-8FF1-927FDFDD12B1}.Debug|Any CPU.ActiveCfg = Debug|Any CPU
		{B580C97E-9216-4603-8FF1-927FDFDD12B1}.Debug|Any CPU.Build.0 = Debug|Any CPU
		{B580C97E-9216-4603-8FF1-927FDFDD12B1}.Release|Any CPU.ActiveCfg = Release|Any CPU
		{B580C97E-9216-4603-8FF1-927FDFDD12B1}.Release|Any CPU.Build.0 = Release|Any CPU
		{BB9BC18B-4809-4C2F-AE36-63083EF10BF1}.Debug|Any CPU.ActiveCfg = Debug|Any CPU
		{BB9BC18B-4809-4C2F-AE36-63083EF10BF1}.Debug|Any CPU.Build.0 = Debug|Any CPU
		{BB9BC18B-4809-4C2F-AE36-63083EF10BF1}.Release|Any CPU.ActiveCfg = Release|Any CPU
		{BB9BC18B-4809-4C2F-AE36-63083EF10BF1}.Release|Any CPU.Build.0 = Release|Any CPU
	EndGlobalSection
	GlobalSection(SolutionProperties) = preSolution
		HideSolutionNode = FALSE
	EndGlobalSection
	GlobalSection(ExtensibilityGlobals) = postSolution
		SolutionGuid = {38DE40A3-2665-4318-A9CA-A99F0EB9EB59}
	EndGlobalSection
EndGlobal
